// !$*UTF8*$!
{
	archiveVersion = 1;
	classes = {
	};
	objectVersion = 46;
	objects = {

/* Begin PBXBuildFile section */
		2164ABDF18C9DEA50043BFDD /* ApplifierImpact.bundle in Resources */ = {isa = PBXBuildFile; fileRef = 2164ABDE18C9DEA50043BFDD /* ApplifierImpact.bundle */; };
		21F90E61184F71A10096F03C /* extra in Resources */ = {isa = PBXBuildFile; fileRef = 21F90E5F184F71A10096F03C /* extra */; };
		21F90E62184F71A10096F03C /* extra1 in Resources */ = {isa = PBXBuildFile; fileRef = 21F90E60184F71A10096F03C /* extra1 */; };
		5106D8F717295F6700D03E1A /* assets in Resources */ = {isa = PBXBuildFile; fileRef = 5106D8F517295F6700D03E1A /* assets */; };
		5106D8F817295F6700D03E1A /* index in Resources */ = {isa = PBXBuildFile; fileRef = 5106D8F617295F6700D03E1A /* index */; };
		5181418216F6F61A009D7846 /* LightTestBin in CopyFiles */ = {isa = PBXBuildFile; fileRef = 5181418116F6F61A009D7846 /* LightTestBin */; };
/* End PBXBuildFile section */

/* Begin PBXContainerItemProxy section */
		5181417E16F6F5D0009D7846 /* PBXContainerItemProxy */ = {
			isa = PBXContainerItemProxy;
			containerPortal = 51ABA22416F6F4A100FC8928 /* Project object */;
			proxyType = 1;
			remoteGlobalIDString = 5181417A16F6F5B8009D7846;
			remoteInfo = LightTestBin;
		};
/* End PBXContainerItemProxy section */

/* Begin PBXCopyFilesBuildPhase section */
		5181418016F6F60B009D7846 /* CopyFiles */ = {
			isa = PBXCopyFilesBuildPhase;
			buildActionMask = 2147483647;
			dstPath = "";
			dstSubfolderSpec = 6;
			files = (
				5181418216F6F61A009D7846 /* LightTestBin in CopyFiles */,
			);
			runOnlyForDeploymentPostprocessing = 0;
		};
/* End PBXCopyFilesBuildPhase section */

/* Begin PBXFileReference section */
		2164ABDE18C9DEA50043BFDD /* ApplifierImpact.bundle */ = {isa = PBXFileReference; lastKnownFileType = "wrapper.plug-in"; name = ApplifierImpact.bundle; path = ../../src/plugins/sponsorpay/ios/networks/applifier/ApplifierImpact.bundle; sourceTree = "<group>"; };
		21F90E5F184F71A10096F03C /* extra */ = {isa = PBXFileReference; lastKnownFileType = file; name = extra; path = "../../../../Desktop/extra-res/extra"; sourceTree = "<group>"; };
		21F90E60184F71A10096F03C /* extra1 */ = {isa = PBXFileReference; lastKnownFileType = file; name = extra1; path = "../../../../Desktop/extra-res/extra1"; sourceTree = "<group>"; };
		5106D8F517295F6700D03E1A /* assets */ = {isa = PBXFileReference; lastKnownFileType = text; name = assets; path = LightTest/assets; sourceTree = "<group>"; };
		5106D8F617295F6700D03E1A /* index */ = {isa = PBXFileReference; lastKnownFileType = text; name = index; path = LightTest/index; sourceTree = "<group>"; };
		513A2814173937B000EE18A3 /* TapjoyResources.bundle */ = {isa = PBXFileReference; lastKnownFileType = "wrapper.plug-in"; name = TapjoyResources.bundle; path = ../../src/plugins/tapjoy/ios/TapjoyResources.bundle; sourceTree = "<group>"; };
		5181418116F6F61A009D7846 /* LightTestBin */ = {isa = PBXFileReference; lastKnownFileType = "compiled.mach-o.executable"; path = LightTestBin; sourceTree = "<group>"; };
		5181418416F6F699009D7846 /* en */ = {isa = PBXFileReference; lastKnownFileType = text.plist.strings; name = en; path = en.lproj/InfoPlist.strings; sourceTree = SOURCE_ROOT; };
		5181418616F6F6C2009D7846 /* Default-568h@2x.png */ = {isa = PBXFileReference; lastKnownFileType = image.png; path = "Default-568h@2x.png"; sourceTree = "<group>"; };
		5181418716F6F6C2009D7846 /* Default.png */ = {isa = PBXFileReference; lastKnownFileType = image.png; path = Default.png; sourceTree = "<group>"; };
		5181418816F6F6C2009D7846 /* Default@2x.png */ = {isa = PBXFileReference; lastKnownFileType = image.png; path = "Default@2x.png"; sourceTree = "<group>"; };
		5181419016F6F919009D7846 /* Resources */ = {isa = PBXFileReference; lastKnownFileType = folder; name = Resources; path = ../Resources; sourceTree = "<group>"; };
		519334B41793F07800ACAAD7 /* render_stub.c */ = {isa = PBXFileReference; fileEncoding = 4; lastKnownFileType = sourcecode.c.c; name = render_stub.c; path = ../../../src/render_stub.c; sourceTree = "<group>"; };
		519334B51793F09600ACAAD7 /* renderbuffer_stub.c */ = {isa = PBXFileReference; fileEncoding = 4; lastKnownFileType = sourcecode.c.c; name = renderbuffer_stub.c; path = ../../../src/renderbuffer_stub.c; sourceTree = "<group>"; };
		51ABA22C16F6F4A100FC8928 /* LightTest.app */ = {isa = PBXFileReference; explicitFileType = wrapper.application; includeInIndex = 0; path = LightTest.app; sourceTree = BUILT_PRODUCTS_DIR; };
		51ABA22F16F6F4A100FC8928 /* UIKit.framework */ = {isa = PBXFileReference; lastKnownFileType = wrapper.framework; name = UIKit.framework; path = System/Library/Frameworks/UIKit.framework; sourceTree = SDKROOT; };
		51ABA23116F6F4A100FC8928 /* Foundation.framework */ = {isa = PBXFileReference; lastKnownFileType = wrapper.framework; name = Foundation.framework; path = System/Library/Frameworks/Foundation.framework; sourceTree = SDKROOT; };
		51ABA23316F6F4A100FC8928 /* CoreGraphics.framework */ = {isa = PBXFileReference; lastKnownFileType = wrapper.framework; name = CoreGraphics.framework; path = System/Library/Frameworks/CoreGraphics.framework; sourceTree = SDKROOT; };
		51ABA23716F6F4A100FC8928 /* LightTest-Info.plist */ = {isa = PBXFileReference; lastKnownFileType = text.plist.xml; path = "LightTest-Info.plist"; sourceTree = "<group>"; };
/* End PBXFileReference section */

/* Begin PBXGroup section */
		51ABA22316F6F4A100FC8928 = {
			isa = PBXGroup;
			children = (
				2164ABDE18C9DEA50043BFDD /* ApplifierImpact.bundle */,
				21F90E5F184F71A10096F03C /* extra */,
				21F90E60184F71A10096F03C /* extra1 */,
				513A2814173937B000EE18A3 /* TapjoyResources.bundle */,
				5106D8F517295F6700D03E1A /* assets */,
				5106D8F617295F6700D03E1A /* index */,
				5181419016F6F919009D7846 /* Resources */,
				5181418616F6F6C2009D7846 /* Default-568h@2x.png */,
				5181418716F6F6C2009D7846 /* Default.png */,
				5181418816F6F6C2009D7846 /* Default@2x.png */,
				5181418116F6F61A009D7846 /* LightTestBin */,
				51ABA23516F6F4A100FC8928 /* LightTest */,
				51ABA22E16F6F4A100FC8928 /* Frameworks */,
				51ABA22D16F6F4A100FC8928 /* Products */,
			);
			sourceTree = "<group>";
		};
		51ABA22D16F6F4A100FC8928 /* Products */ = {
			isa = PBXGroup;
			children = (
				51ABA22C16F6F4A100FC8928 /* LightTest.app */,
			);
			name = Products;
			sourceTree = "<group>";
		};
		51ABA22E16F6F4A100FC8928 /* Frameworks */ = {
			isa = PBXGroup;
			children = (
				51ABA22F16F6F4A100FC8928 /* UIKit.framework */,
				51ABA23116F6F4A100FC8928 /* Foundation.framework */,
				51ABA23316F6F4A100FC8928 /* CoreGraphics.framework */,
			);
			name = Frameworks;
			sourceTree = "<group>";
		};
		51ABA23516F6F4A100FC8928 /* LightTest */ = {
			isa = PBXGroup;
			children = (
				519334B51793F09600ACAAD7 /* renderbuffer_stub.c */,
				519334B41793F07800ACAAD7 /* render_stub.c */,
				51ABA23616F6F4A100FC8928 /* Supporting Files */,
			);
			path = LightTest;
			sourceTree = "<group>";
		};
		51ABA23616F6F4A100FC8928 /* Supporting Files */ = {
			isa = PBXGroup;
			children = (
				5181418316F6F699009D7846 /* InfoPlist.strings */,
				51ABA23716F6F4A100FC8928 /* LightTest-Info.plist */,
			);
			name = "Supporting Files";
			sourceTree = "<group>";
		};
/* End PBXGroup section */

/* Begin PBXLegacyTarget section */
		5181417A16F6F5B8009D7846 /* LightTestBin */ = {
			isa = PBXLegacyTarget;
			buildArgumentsString = "-C .. ios";
			buildConfigurationList = 5181417B16F6F5B8009D7846 /* Build configuration list for PBXLegacyTarget "LightTestBin" */;
			buildPhases = (
			);
			buildToolPath = /usr/bin/make;
			buildWorkingDirectory = "";
			dependencies = (
			);
			name = LightTestBin;
			passBuildSettingsInEnvironment = 1;
			productName = LightTestBin;
		};
/* End PBXLegacyTarget section */

/* Begin PBXNativeTarget section */
		51ABA22B16F6F4A100FC8928 /* LightTest */ = {
			isa = PBXNativeTarget;
			buildConfigurationList = 51ABA24916F6F4A100FC8928 /* Build configuration list for PBXNativeTarget "LightTest" */;
			buildPhases = (
				51ABA22A16F6F4A100FC8928 /* Resources */,
				5181418016F6F60B009D7846 /* CopyFiles */,
			);
			buildRules = (
			);
			dependencies = (
				5181417F16F6F5D0009D7846 /* PBXTargetDependency */,
			);
			name = LightTest;
			productName = LightTest;
			productReference = 51ABA22C16F6F4A100FC8928 /* LightTest.app */;
			productType = "com.apple.product-type.application";
		};
/* End PBXNativeTarget section */

/* Begin PBXProject section */
		51ABA22416F6F4A100FC8928 /* Project object */ = {
			isa = PBXProject;
			attributes = {
				LastUpgradeCheck = 0460;
				ORGANIZATIONNAME = "Sergey Plaksin";
				TargetAttributes = {
					51ABA22B16F6F4A100FC8928 = {
						DevelopmentTeam = 685ZNZAUW2;
					};
				};
			};
			buildConfigurationList = 51ABA22716F6F4A100FC8928 /* Build configuration list for PBXProject "LightTest" */;
			compatibilityVersion = "Xcode 3.2";
			developmentRegion = English;
			hasScannedForEncodings = 0;
			knownRegions = (
				en,
			);
			mainGroup = 51ABA22316F6F4A100FC8928;
			productRefGroup = 51ABA22D16F6F4A100FC8928 /* Products */;
			projectDirPath = "";
			projectRoot = "";
			targets = (
				51ABA22B16F6F4A100FC8928 /* LightTest */,
				5181417A16F6F5B8009D7846 /* LightTestBin */,
			);
		};
/* End PBXProject section */

/* Begin PBXResourcesBuildPhase section */
		51ABA22A16F6F4A100FC8928 /* Resources */ = {
			isa = PBXResourcesBuildPhase;
			buildActionMask = 2147483647;
			files = (
				2164ABDF18C9DEA50043BFDD /* ApplifierImpact.bundle in Resources */,
				21F90E61184F71A10096F03C /* extra in Resources */,
				5106D8F717295F6700D03E1A /* assets in Resources */,
				5106D8F817295F6700D03E1A /* index in Resources */,
				21F90E62184F71A10096F03C /* extra1 in Resources */,
			);
			runOnlyForDeploymentPostprocessing = 0;
		};
/* End PBXResourcesBuildPhase section */

/* Begin PBXTargetDependency section */
		5181417F16F6F5D0009D7846 /* PBXTargetDependency */ = {
			isa = PBXTargetDependency;
			target = 5181417A16F6F5B8009D7846 /* LightTestBin */;
			targetProxy = 5181417E16F6F5D0009D7846 /* PBXContainerItemProxy */;
		};
/* End PBXTargetDependency section */

/* Begin PBXVariantGroup section */
		5181418316F6F699009D7846 /* InfoPlist.strings */ = {
			isa = PBXVariantGroup;
			children = (
				5181418416F6F699009D7846 /* en */,
			);
			name = InfoPlist.strings;
			sourceTree = "<group>";
		};
/* End PBXVariantGroup section */

/* Begin XCBuildConfiguration section */
		5181417C16F6F5B8009D7846 /* Debug */ = {
			isa = XCBuildConfiguration;
			buildSettings = {
				ARCHS = armv7;
				DEBUGGING_SYMBOLS = YES;
				GCC_ENABLE_OBJC_EXCEPTIONS = YES;
				GCC_GENERATE_DEBUGGING_SYMBOLS = YES;
				GCC_OPTIMIZATION_LEVEL = 0;
				GCC_WARN_64_TO_32_BIT_CONVERSION = YES;
				IPHONEOS_DEPLOYMENT_TARGET = 5.1;
				MACOSX_DEPLOYMENT_TARGET = 10.8;
				OTHER_CFLAGS = "";
				OTHER_LDFLAGS = "";
				PATH = "/usr/local/bin:/usr/local/ocaml/main/bin:$PATH";
				PRODUCT_NAME = "$(TARGET_NAME)";
				SDKROOT = macosx;
			};
			name = Debug;
		};
		5181417D16F6F5B8009D7846 /* Release */ = {
			isa = XCBuildConfiguration;
			buildSettings = {
				ARCHS = armv7;
				DEBUG_INFORMATION_FORMAT = "dwarf-with-dsym";
				GCC_ENABLE_OBJC_EXCEPTIONS = YES;
				GCC_WARN_64_TO_32_BIT_CONVERSION = YES;
				IPHONEOS_DEPLOYMENT_TARGET = 5.1;
				MACOSX_DEPLOYMENT_TARGET = 10.8;
				OTHER_CFLAGS = "";
				OTHER_LDFLAGS = "";
				PATH = "/usr/local/bin:/usr/local/ocaml/main/bin:$PATH";
				PRODUCT_NAME = "$(TARGET_NAME)";
				SDKROOT = macosx;
			};
			name = Release;
		};
		51ABA24716F6F4A100FC8928 /* Debug */ = {
			isa = XCBuildConfiguration;
			buildSettings = {
				ALWAYS_SEARCH_USER_PATHS = NO;
				CLANG_CXX_LANGUAGE_STANDARD = "gnu++0x";
				CLANG_CXX_LIBRARY = "libc++";
				CLANG_WARN_CONSTANT_CONVERSION = YES;
				CLANG_WARN_EMPTY_BODY = YES;
				CLANG_WARN_ENUM_CONVERSION = YES;
				CLANG_WARN_INT_CONVERSION = YES;
				CLANG_WARN__DUPLICATE_METHOD_MATCH = YES;
				"CODE_SIGN_IDENTITY[sdk=iphoneos*]" = "iPhone Developer: Sergey Plaksin (5ZR8R38XZE)";
				COPY_PHASE_STRIP = NO;
				GCC_C_LANGUAGE_STANDARD = gnu99;
				GCC_DYNAMIC_NO_PIC = NO;
				GCC_OPTIMIZATION_LEVEL = 0;
				GCC_PREPROCESSOR_DEFINITIONS = (
					"DEBUG=1",
					"$(inherited)",
				);
				GCC_SYMBOLS_PRIVATE_EXTERN = NO;
				GCC_WARN_ABOUT_RETURN_TYPE = YES;
				GCC_WARN_UNINITIALIZED_AUTOS = YES;
				GCC_WARN_UNUSED_VARIABLE = YES;
				IPHONEOS_DEPLOYMENT_TARGET = 6.1;
				ONLY_ACTIVE_ARCH = YES;
				"PROVISIONING_PROFILE[sdk=iphoneos*]" = "1C1F63A2-9DE7-4511-AFF7-B39C4DEA6720";
				SDKROOT = iphoneos;
				TARGETED_DEVICE_FAMILY = "1,2";
			};
			name = Debug;
		};
		51ABA24816F6F4A100FC8928 /* Release */ = {
			isa = XCBuildConfiguration;
			buildSettings = {
				ALWAYS_SEARCH_USER_PATHS = NO;
				CLANG_CXX_LANGUAGE_STANDARD = "gnu++0x";
				CLANG_CXX_LIBRARY = "libc++";
				CLANG_WARN_CONSTANT_CONVERSION = YES;
				CLANG_WARN_EMPTY_BODY = YES;
				CLANG_WARN_ENUM_CONVERSION = YES;
				CLANG_WARN_INT_CONVERSION = YES;
				CLANG_WARN__DUPLICATE_METHOD_MATCH = YES;
				"CODE_SIGN_IDENTITY[sdk=iphoneos*]" = "iPhone Developer";
				COPY_PHASE_STRIP = YES;
				GCC_C_LANGUAGE_STANDARD = gnu99;
				GCC_WARN_ABOUT_RETURN_TYPE = YES;
				GCC_WARN_UNINITIALIZED_AUTOS = YES;
				GCC_WARN_UNUSED_VARIABLE = YES;
				IPHONEOS_DEPLOYMENT_TARGET = 6.1;
				OTHER_CFLAGS = "-DNS_BLOCK_ASSERTIONS=1";
				SDKROOT = iphoneos;
				TARGETED_DEVICE_FAMILY = "1,2";
				VALIDATE_PRODUCT = YES;
			};
			name = Release;
		};
		51ABA24A16F6F4A100FC8928 /* Debug */ = {
			isa = XCBuildConfiguration;
			buildSettings = {
				CODE_SIGN_IDENTITY = "iPhone Developer";
				"CODE_SIGN_IDENTITY[sdk=iphoneos*]" = "iPhone Developer";
				GCC_PRECOMPILE_PREFIX_HEADER = YES;
				GCC_PREFIX_HEADER = "LightTest/LightTest-Prefix.pch";
				INFOPLIST_FILE = "LightTest/LightTest-Info.plist";
				IPHONEOS_DEPLOYMENT_TARGET = 5.1;
				PRODUCT_NAME = "$(TARGET_NAME)";
				PROVISIONING_PROFILE = "";
				"PROVISIONING_PROFILE[sdk=iphoneos*]" = "1C1F63A2-9DE7-4511-AFF7-B39C4DEA6720";
				WRAPPER_EXTENSION = app;
			};
			name = Debug;
		};
		51ABA24B16F6F4A100FC8928 /* Release */ = {
			isa = XCBuildConfiguration;
			buildSettings = {
				CODE_SIGN_IDENTITY = "iPhone Developer";
				"CODE_SIGN_IDENTITY[sdk=iphoneos*]" = "iPhone Developer";
				GCC_PRECOMPILE_PREFIX_HEADER = YES;
				GCC_PREFIX_HEADER = "LightTest/LightTest-Prefix.pch";
				INFOPLIST_FILE = "LightTest/LightTest-Info.plist";
				IPHONEOS_DEPLOYMENT_TARGET = 5.1;
				PRODUCT_NAME = "$(TARGET_NAME)";
				PROVISIONING_PROFILE = "";
				WRAPPER_EXTENSION = app;
			};
			name = Release;
		};
/* End XCBuildConfiguration section */

/* Begin XCConfigurationList section */
		5181417B16F6F5B8009D7846 /* Build configuration list for PBXLegacyTarget "LightTestBin" */ = {
			isa = XCConfigurationList;
			buildConfigurations = (
				5181417C16F6F5B8009D7846 /* Debug */,
				5181417D16F6F5B8009D7846 /* Release */,
			);
			defaultConfigurationIsVisible = 0;
			defaultConfigurationName = Release;
		};
		51ABA22716F6F4A100FC8928 /* Build configuration list for PBXProject "LightTest" */ = {
			isa = XCConfigurationList;
			buildConfigurations = (
				51ABA24716F6F4A100FC8928 /* Debug */,
				51ABA24816F6F4A100FC8928 /* Release */,
			);
			defaultConfigurationIsVisible = 0;
			defaultConfigurationName = Release;
		};
		51ABA24916F6F4A100FC8928 /* Build configuration list for PBXNativeTarget "LightTest" */ = {
			isa = XCConfigurationList;
			buildConfigurations = (
				51ABA24A16F6F4A100FC8928 /* Debug */,
				51ABA24B16F6F4A100FC8928 /* Release */,
			);
			defaultConfigurationIsVisible = 0;
			defaultConfigurationName = Release;
		};
/* End XCConfigurationList section */
	};
	rootObject = 51ABA22416F6F4A100FC8928 /* Project object */;
}
