// !$*UTF8*$!
{
	archiveVersion = 1;
	classes = {
	};
	objectVersion = 46;
	objects = {

/* Begin PBXBuildFile section */
		510C021314FE6C1200BDDCFC /* ra_fertilizer.caf in Resources */ = {isa = PBXBuildFile; fileRef = 510C021214FE6C1200BDDCFC /* ra_fertilizer.caf */; };
		510C021614FE6ED800BDDCFC /* stoneBoom.caf in Resources */ = {isa = PBXBuildFile; fileRef = 510C021514FE6ED800BDDCFC /* stoneBoom.caf */; };
		5134AA2415C663B300814238 /* close_button.png in Resources */ = {isa = PBXBuildFile; fileRef = 5134AA2015C6633200814238 /* close_button.png */; };
		5134AA2515C663B300814238 /* TJCLoadingView.xib in Resources */ = {isa = PBXBuildFile; fileRef = 5134AA2115C6633200814238 /* TJCLoadingView.xib */; };
		5134AA2615C663B300814238 /* TJCVideoView.xib in Resources */ = {isa = PBXBuildFile; fileRef = 5134AA2215C6633200814238 /* TJCVideoView.xib */; };
		516A41F515D3D6E600BB71F0 /* MyriadPro-Bold.fnt in Resources */ = {isa = PBXBuildFile; fileRef = 516A41E515D3D6E600BB71F0 /* MyriadPro-Bold.fnt */; };
		516A41F615D3D6E600BB71F0 /* MyriadPro-Bold0.alpha in Resources */ = {isa = PBXBuildFile; fileRef = 516A41E615D3D6E600BB71F0 /* MyriadPro-Bold0.alpha */; };
		516A41FB15D3D6E600BB71F0 /* MyriadPro-Regular.fnt in Resources */ = {isa = PBXBuildFile; fileRef = 516A41EC15D3D6E600BB71F0 /* MyriadPro-Regular.fnt */; };
		516A41FC15D3D6E600BB71F0 /* MyriadPro-Regular0.alpha in Resources */ = {isa = PBXBuildFile; fileRef = 516A41ED15D3D6E600BB71F0 /* MyriadPro-Regular0.alpha */; };
		517411B614FB6A420022E871 /* e_cactus.png in Resources */ = {isa = PBXBuildFile; fileRef = 517411B514FB6A420022E871 /* e_cactus.png */; };
		517411B914FB6A510022E871 /* tree.png in Resources */ = {isa = PBXBuildFile; fileRef = 517411B814FB6A510022E871 /* tree.png */; };
		517411CB14FB749C0022E871 /* Shaders in Resources */ = {isa = PBXBuildFile; fileRef = 517411CA14FB749C0022E871 /* Shaders */; };
		517EB8801522F888009D91B1 /* pallete.plx in Resources */ = {isa = PBXBuildFile; fileRef = 517EB87F1522F888009D91B1 /* pallete.plx */; };
		517EB8831522F905009D91B1 /* MyriadPro-Regular0.alpha in Resources */ = {isa = PBXBuildFile; fileRef = 517EB8821522F905009D91B1 /* MyriadPro-Regular0.alpha */; };
		51846F6514EE704D00FDE684 /* test.native in CopyFiles */ = {isa = PBXBuildFile; fileRef = 51846F6414EE704D00FDE684 /* test.native */; };
		518D151C14FE441300B5436E /* MyriadPro-Regular.fnt in Resources */ = {isa = PBXBuildFile; fileRef = 518D151A14FE441300B5436E /* MyriadPro-Regular.fnt */; };
		5191FD9314FF5FC900DD8677 /* frame.png in Resources */ = {isa = PBXBuildFile; fileRef = 5191FD9214FF5FC900DD8677 /* frame.png */; };
		519330C315F635670095DB10 /* test.plx in Resources */ = {isa = PBXBuildFile; fileRef = 519330C215F635670095DB10 /* test.plx */; };
		519330C515F635780095DB10 /* palletes in Resources */ = {isa = PBXBuildFile; fileRef = 519330C415F635780095DB10 /* palletes */; };
		51BCBEBD15BD4CDE00A3DCB7 /* palletes in Resources */ = {isa = PBXBuildFile; fileRef = 51BCBEBC15BD4CDE00A3DCB7 /* palletes */; };
		51DC6E1314EE5E960084EB76 /* InfoPlist.strings in Resources */ = {isa = PBXBuildFile; fileRef = 51DC6E1114EE5E960084EB76 /* InfoPlist.strings */; };
		51DC6E1F14EE5E960084EB76 /* ViewController_iPhone.xib in Resources */ = {isa = PBXBuildFile; fileRef = 51DC6E1D14EE5E960084EB76 /* ViewController_iPhone.xib */; };
		51DC6E2214EE5E960084EB76 /* ViewController_iPad.xib in Resources */ = {isa = PBXBuildFile; fileRef = 51DC6E2014EE5E960084EB76 /* ViewController_iPad.xib */; };
/* End PBXBuildFile section */

/* Begin PBXContainerItemProxy section */
		51846F6114EE6F7700FDE684 /* PBXContainerItemProxy */ = {
			isa = PBXContainerItemProxy;
			containerPortal = 51DC6DFB14EE5E960084EB76 /* Project object */;
			proxyType = 1;
			remoteGlobalIDString = 51173A5C14EE6E5C000772E1;
			remoteInfo = test.native;
		};
/* End PBXContainerItemProxy section */

/* Begin PBXCopyFilesBuildPhase section */
		51DC6E3614EE627D0084EB76 /* CopyFiles */ = {
			isa = PBXCopyFilesBuildPhase;
			buildActionMask = 2147483647;
			dstPath = "";
			dstSubfolderSpec = 6;
			files = (
				51846F6514EE704D00FDE684 /* test.native in CopyFiles */,
			);
			runOnlyForDeploymentPostprocessing = 0;
		};
/* End PBXCopyFilesBuildPhase section */

/* Begin PBXFileReference section */
		510C021214FE6C1200BDDCFC /* ra_fertilizer.caf */ = {isa = PBXFileReference; lastKnownFileType = file; name = ra_fertilizer.caf; path = ../../lightning/test/Resources/ra_fertilizer.caf; sourceTree = "<group>"; };
		510C021514FE6ED800BDDCFC /* stoneBoom.caf */ = {isa = PBXFileReference; lastKnownFileType = file; name = stoneBoom.caf; path = ../../lightning/test/Resources/stoneBoom.caf; sourceTree = "<group>"; };
		5134AA2015C6633200814238 /* close_button.png */ = {isa = PBXFileReference; lastKnownFileType = image.png; path = close_button.png; sourceTree = "<group>"; };
		5134AA2115C6633200814238 /* TJCLoadingView.xib */ = {isa = PBXFileReference; lastKnownFileType = file.xib; path = TJCLoadingView.xib; sourceTree = "<group>"; };
		5134AA2215C6633200814238 /* TJCVideoView.xib */ = {isa = PBXFileReference; lastKnownFileType = file.xib; path = TJCVideoView.xib; sourceTree = "<group>"; };
		516A41E515D3D6E600BB71F0 /* MyriadPro-Bold.fnt */ = {isa = PBXFileReference; lastKnownFileType = file; name = "MyriadPro-Bold.fnt"; path = "Resources/MyriadPro-Bold.fnt"; sourceTree = "<group>"; };
		516A41E615D3D6E600BB71F0 /* MyriadPro-Bold0.alpha */ = {isa = PBXFileReference; lastKnownFileType = file; name = "MyriadPro-Bold0.alpha"; path = "Resources/MyriadPro-Bold0.alpha"; sourceTree = "<group>"; };
		516A41EC15D3D6E600BB71F0 /* MyriadPro-Regular.fnt */ = {isa = PBXFileReference; lastKnownFileType = file; name = "MyriadPro-Regular.fnt"; path = "Resources/MyriadPro-Regular.fnt"; sourceTree = "<group>"; };
		516A41ED15D3D6E600BB71F0 /* MyriadPro-Regular0.alpha */ = {isa = PBXFileReference; lastKnownFileType = file; name = "MyriadPro-Regular0.alpha"; path = "Resources/MyriadPro-Regular0.alpha"; sourceTree = "<group>"; };
		517411B514FB6A420022E871 /* e_cactus.png */ = {isa = PBXFileReference; lastKnownFileType = image.png; name = e_cactus.png; path = ../../lightning/test/Resources/e_cactus.png; sourceTree = "<group>"; };
		517411B814FB6A510022E871 /* tree.png */ = {isa = PBXFileReference; lastKnownFileType = image.png; name = tree.png; path = ../../lightning/test/Resources/tree.png; sourceTree = "<group>"; };
		517411CA14FB749C0022E871 /* Shaders */ = {isa = PBXFileReference; lastKnownFileType = folder; name = Shaders; path = ../../lightning/Shaders; sourceTree = "<group>"; };
		517EB87F1522F888009D91B1 /* pallete.plx */ = {isa = PBXFileReference; lastKnownFileType = file; name = pallete.plx; path = ../../lightning/test/Resources/pallete.plx; sourceTree = "<group>"; };
		517EB8821522F905009D91B1 /* MyriadPro-Regular0.alpha */ = {isa = PBXFileReference; lastKnownFileType = file; name = "MyriadPro-Regular0.alpha"; path = "../../lightning/test/Resources/MyriadPro-Regular0.alpha"; sourceTree = "<group>"; };
		51846F6414EE704D00FDE684 /* test.native */ = {isa = PBXFileReference; lastKnownFileType = "compiled.mach-o.executable"; path = test.native; sourceTree = "<group>"; };
		518D151A14FE441300B5436E /* MyriadPro-Regular.fnt */ = {isa = PBXFileReference; lastKnownFileType = text.xml; name = "MyriadPro-Regular.fnt"; path = "../../lightning/test/Resources/MyriadPro-Regular.fnt"; sourceTree = "<group>"; };
		5191FD9214FF5FC900DD8677 /* frame.png */ = {isa = PBXFileReference; lastKnownFileType = image.png; name = frame.png; path = ../../lightning/test/Resources/frame.png; sourceTree = "<group>"; };
		519330C215F635670095DB10 /* test.plx */ = {isa = PBXFileReference; lastKnownFileType = file; name = test.plx; path = Resources/test.plx; sourceTree = "<group>"; };
		519330C415F635780095DB10 /* palletes */ = {isa = PBXFileReference; lastKnownFileType = folder; name = palletes; path = Resources/palletes; sourceTree = "<group>"; };
		51B5418414F273C300EB2241 /* items */ = {isa = PBXFileReference; lastKnownFileType = folder; name = items; path = ../../lightning/test/Resources/items; sourceTree = "<group>"; };
		51BCBEBC15BD4CDE00A3DCB7 /* palletes */ = {isa = PBXFileReference; lastKnownFileType = folder; name = palletes; path = "../../mobile-farm/Resources/palletes"; sourceTree = "<group>"; };
		51DC6E0414EE5E960084EB76 /* LightTest.app */ = {isa = PBXFileReference; explicitFileType = wrapper.application; includeInIndex = 0; path = LightTest.app; sourceTree = BUILT_PRODUCTS_DIR; };
		51DC6E0814EE5E960084EB76 /* UIKit.framework */ = {isa = PBXFileReference; lastKnownFileType = wrapper.framework; name = UIKit.framework; path = System/Library/Frameworks/UIKit.framework; sourceTree = SDKROOT; };
		51DC6E0A14EE5E960084EB76 /* Foundation.framework */ = {isa = PBXFileReference; lastKnownFileType = wrapper.framework; name = Foundation.framework; path = System/Library/Frameworks/Foundation.framework; sourceTree = SDKROOT; };
		51DC6E0C14EE5E960084EB76 /* CoreGraphics.framework */ = {isa = PBXFileReference; lastKnownFileType = wrapper.framework; name = CoreGraphics.framework; path = System/Library/Frameworks/CoreGraphics.framework; sourceTree = SDKROOT; };
		51DC6E1014EE5E960084EB76 /* LightTest-Info.plist */ = {isa = PBXFileReference; lastKnownFileType = text.plist.xml; path = "LightTest-Info.plist"; sourceTree = "<group>"; };
		51DC6E1214EE5E960084EB76 /* en */ = {isa = PBXFileReference; lastKnownFileType = text.plist.strings; name = en; path = en.lproj/InfoPlist.strings; sourceTree = "<group>"; };
		51DC6E1414EE5E960084EB76 /* main.m */ = {isa = PBXFileReference; lastKnownFileType = sourcecode.c.objc; path = main.m; sourceTree = "<group>"; };
		51DC6E1614EE5E960084EB76 /* LightTest-Prefix.pch */ = {isa = PBXFileReference; lastKnownFileType = sourcecode.c.h; path = "LightTest-Prefix.pch"; sourceTree = "<group>"; };
		51DC6E1714EE5E960084EB76 /* AppDelegate.h */ = {isa = PBXFileReference; lastKnownFileType = sourcecode.c.h; path = AppDelegate.h; sourceTree = "<group>"; };
		51DC6E1814EE5E960084EB76 /* AppDelegate.m */ = {isa = PBXFileReference; lastKnownFileType = sourcecode.c.objc; path = AppDelegate.m; sourceTree = "<group>"; };
		51DC6E1A14EE5E960084EB76 /* ViewController.h */ = {isa = PBXFileReference; lastKnownFileType = sourcecode.c.h; path = ViewController.h; sourceTree = "<group>"; };
		51DC6E1B14EE5E960084EB76 /* ViewController.m */ = {isa = PBXFileReference; lastKnownFileType = sourcecode.c.objc; path = ViewController.m; sourceTree = "<group>"; };
		51DC6E1E14EE5E960084EB76 /* en */ = {isa = PBXFileReference; lastKnownFileType = file.xib; name = en; path = en.lproj/ViewController_iPhone.xib; sourceTree = "<group>"; };
		51DC6E2114EE5E960084EB76 /* en */ = {isa = PBXFileReference; lastKnownFileType = file.xib; name = en; path = en.lproj/ViewController_iPad.xib; sourceTree = "<group>"; };
		B5236AF615DCDF0100116007 /* scale.png */ = {isa = PBXFileReference; lastKnownFileType = image.png; name = scale.png; path = Resources/scale.png; sourceTree = "<group>"; };
		B5236AF815DCDF0F00116007 /* BaseDialog */ = {isa = PBXFileReference; lastKnownFileType = folder; name = BaseDialog; path = Resources/BaseDialog; sourceTree = "<group>"; };
/* End PBXFileReference section */

/* Begin PBXGroup section */
		5134AA1F15C6633200814238 /* Resources */ = {
			isa = PBXGroup;
			children = (
				5134AA2015C6633200814238 /* close_button.png */,
				5134AA2115C6633200814238 /* TJCLoadingView.xib */,
				5134AA2215C6633200814238 /* TJCVideoView.xib */,
			);
			name = Resources;
			path = ../src/tapjoy/ios/TapjoyConnect/Resources;
			sourceTree = "<group>";
		};
		51DC6DF914EE5E960084EB76 = {
			isa = PBXGroup;
			children = (
				519330C415F635780095DB10 /* palletes */,
				519330C215F635670095DB10 /* test.plx */,
				B5236AF815DCDF0F00116007 /* BaseDialog */,
				B5236AF615DCDF0100116007 /* scale.png */,
				516A41E515D3D6E600BB71F0 /* MyriadPro-Bold.fnt */,
				516A41E615D3D6E600BB71F0 /* MyriadPro-Bold0.alpha */,
				516A41EC15D3D6E600BB71F0 /* MyriadPro-Regular.fnt */,
				516A41ED15D3D6E600BB71F0 /* MyriadPro-Regular0.alpha */,
				5134AA1F15C6633200814238 /* Resources */,
				51BCBEBC15BD4CDE00A3DCB7 /* palletes */,
				517EB8821522F905009D91B1 /* MyriadPro-Regular0.alpha */,
				517EB87F1522F888009D91B1 /* pallete.plx */,
				5191FD9214FF5FC900DD8677 /* frame.png */,
				510C021514FE6ED800BDDCFC /* stoneBoom.caf */,
				510C021214FE6C1200BDDCFC /* ra_fertilizer.caf */,
				518D151A14FE441300B5436E /* MyriadPro-Regular.fnt */,
				517411CA14FB749C0022E871 /* Shaders */,
				517411B814FB6A510022E871 /* tree.png */,
				517411B514FB6A420022E871 /* e_cactus.png */,
				51B5418414F273C300EB2241 /* items */,
				51846F6414EE704D00FDE684 /* test.native */,
				51DC6E0E14EE5E960084EB76 /* LightTest */,
				51DC6E0714EE5E960084EB76 /* Frameworks */,
				51DC6E0514EE5E960084EB76 /* Products */,
			);
			sourceTree = "<group>";
		};
		51DC6E0514EE5E960084EB76 /* Products */ = {
			isa = PBXGroup;
			children = (
				51DC6E0414EE5E960084EB76 /* LightTest.app */,
			);
			name = Products;
			sourceTree = "<group>";
		};
		51DC6E0714EE5E960084EB76 /* Frameworks */ = {
			isa = PBXGroup;
			children = (
				51DC6E0814EE5E960084EB76 /* UIKit.framework */,
				51DC6E0A14EE5E960084EB76 /* Foundation.framework */,
				51DC6E0C14EE5E960084EB76 /* CoreGraphics.framework */,
			);
			name = Frameworks;
			sourceTree = "<group>";
		};
		51DC6E0E14EE5E960084EB76 /* LightTest */ = {
			isa = PBXGroup;
			children = (
				51DC6E1714EE5E960084EB76 /* AppDelegate.h */,
				51DC6E1814EE5E960084EB76 /* AppDelegate.m */,
				51DC6E1A14EE5E960084EB76 /* ViewController.h */,
				51DC6E1B14EE5E960084EB76 /* ViewController.m */,
				51DC6E1D14EE5E960084EB76 /* ViewController_iPhone.xib */,
				51DC6E2014EE5E960084EB76 /* ViewController_iPad.xib */,
				51DC6E0F14EE5E960084EB76 /* Supporting Files */,
			);
			path = LightTest;
			sourceTree = "<group>";
		};
		51DC6E0F14EE5E960084EB76 /* Supporting Files */ = {
			isa = PBXGroup;
			children = (
				51DC6E1014EE5E960084EB76 /* LightTest-Info.plist */,
				51DC6E1114EE5E960084EB76 /* InfoPlist.strings */,
				51DC6E1414EE5E960084EB76 /* main.m */,
				51DC6E1614EE5E960084EB76 /* LightTest-Prefix.pch */,
			);
			name = "Supporting Files";
			sourceTree = "<group>";
		};
/* End PBXGroup section */

/* Begin PBXLegacyTarget section */
		51173A5C14EE6E5C000772E1 /* test.native */ = {
			isa = PBXLegacyTarget;
			buildArgumentsString = "$(ACTION)ios";
			buildConfigurationList = 51173A5D14EE6E5C000772E1 /* Build configuration list for PBXLegacyTarget "test.native" */;
			buildPhases = (
			);
			buildToolPath = /usr/bin/make;
			buildWorkingDirectory = "";
			dependencies = (
			);
			name = test.native;
			passBuildSettingsInEnvironment = 1;
			productName = test.native;
		};
/* End PBXLegacyTarget section */

/* Begin PBXNativeTarget section */
		51DC6E0314EE5E960084EB76 /* LightTest */ = {
			isa = PBXNativeTarget;
			buildConfigurationList = 51DC6E2514EE5E960084EB76 /* Build configuration list for PBXNativeTarget "LightTest" */;
			buildPhases = (
				51DC6E0214EE5E960084EB76 /* Resources */,
				51DC6E3614EE627D0084EB76 /* CopyFiles */,
			);
			buildRules = (
			);
			dependencies = (
				51846F6214EE6F7700FDE684 /* PBXTargetDependency */,
			);
			name = LightTest;
			productName = LightTest;
			productReference = 51DC6E0414EE5E960084EB76 /* LightTest.app */;
			productType = "com.apple.product-type.application";
		};
/* End PBXNativeTarget section */

/* Begin PBXProject section */
		51DC6DFB14EE5E960084EB76 /* Project object */ = {
			isa = PBXProject;
			attributes = {
				LastUpgradeCheck = 0420;
				ORGANIZATIONNAME = RedSpell;
			};
			buildConfigurationList = 51DC6DFE14EE5E960084EB76 /* Build configuration list for PBXProject "LightTest" */;
			compatibilityVersion = "Xcode 3.2";
			developmentRegion = English;
			hasScannedForEncodings = 0;
			knownRegions = (
				en,
			);
			mainGroup = 51DC6DF914EE5E960084EB76;
			productRefGroup = 51DC6E0514EE5E960084EB76 /* Products */;
			projectDirPath = "";
			projectRoot = "";
			targets = (
				51DC6E0314EE5E960084EB76 /* LightTest */,
				51173A5C14EE6E5C000772E1 /* test.native */,
			);
		};
/* End PBXProject section */

/* Begin PBXResourcesBuildPhase section */
		51DC6E0214EE5E960084EB76 /* Resources */ = {
			isa = PBXResourcesBuildPhase;
			buildActionMask = 2147483647;
			files = (
				519330C515F635780095DB10 /* palletes in Resources */,
				519330C315F635670095DB10 /* test.plx in Resources */,
				516A41F515D3D6E600BB71F0 /* MyriadPro-Bold.fnt in Resources */,
				516A41F615D3D6E600BB71F0 /* MyriadPro-Bold0.alpha in Resources */,
				516A41FB15D3D6E600BB71F0 /* MyriadPro-Regular.fnt in Resources */,
				516A41FC15D3D6E600BB71F0 /* MyriadPro-Regular0.alpha in Resources */,
				5134AA2415C663B300814238 /* close_button.png in Resources */,
				5134AA2515C663B300814238 /* TJCLoadingView.xib in Resources */,
				5134AA2615C663B300814238 /* TJCVideoView.xib in Resources */,
				51BCBEBD15BD4CDE00A3DCB7 /* palletes in Resources */,
				517EB8831522F905009D91B1 /* MyriadPro-Regular0.alpha in Resources */,
				517EB8801522F888009D91B1 /* pallete.plx in Resources */,
				5191FD9314FF5FC900DD8677 /* frame.png in Resources */,
				510C021614FE6ED800BDDCFC /* stoneBoom.caf in Resources */,
				510C021314FE6C1200BDDCFC /* ra_fertilizer.caf in Resources */,
				518D151C14FE441300B5436E /* MyriadPro-Regular.fnt in Resources */,
				517411CB14FB749C0022E871 /* Shaders in Resources */,
				517411B914FB6A510022E871 /* tree.png in Resources */,
				517411B614FB6A420022E871 /* e_cactus.png in Resources */,
				51DC6E1314EE5E960084EB76 /* InfoPlist.strings in Resources */,
				51DC6E1F14EE5E960084EB76 /* ViewController_iPhone.xib in Resources */,
				51DC6E2214EE5E960084EB76 /* ViewController_iPad.xib in Resources */,
			);
			runOnlyForDeploymentPostprocessing = 0;
		};
/* End PBXResourcesBuildPhase section */

/* Begin PBXTargetDependency section */
		51846F6214EE6F7700FDE684 /* PBXTargetDependency */ = {
			isa = PBXTargetDependency;
			target = 51173A5C14EE6E5C000772E1 /* test.native */;
			targetProxy = 51846F6114EE6F7700FDE684 /* PBXContainerItemProxy */;
		};
/* End PBXTargetDependency section */

/* Begin PBXVariantGroup section */
		51DC6E1114EE5E960084EB76 /* InfoPlist.strings */ = {
			isa = PBXVariantGroup;
			children = (
				51DC6E1214EE5E960084EB76 /* en */,
			);
			name = InfoPlist.strings;
			sourceTree = "<group>";
		};
		51DC6E1D14EE5E960084EB76 /* ViewController_iPhone.xib */ = {
			isa = PBXVariantGroup;
			children = (
				51DC6E1E14EE5E960084EB76 /* en */,
			);
			name = ViewController_iPhone.xib;
			sourceTree = "<group>";
		};
		51DC6E2014EE5E960084EB76 /* ViewController_iPad.xib */ = {
			isa = PBXVariantGroup;
			children = (
				51DC6E2114EE5E960084EB76 /* en */,
			);
			name = ViewController_iPad.xib;
			sourceTree = "<group>";
		};
/* End PBXVariantGroup section */

/* Begin XCBuildConfiguration section */
		51173A5E14EE6E5C000772E1 /* Debug */ = {
			isa = XCBuildConfiguration;
			buildSettings = {
				ARCHS = armv7;
				DEBUGGING_SYMBOLS = YES;
				GCC_DYNAMIC_NO_PIC = NO;
				GCC_ENABLE_OBJC_EXCEPTIONS = YES;
				GCC_GENERATE_DEBUGGING_SYMBOLS = YES;
				GCC_OPTIMIZATION_LEVEL = 0;
				GCC_WARN_64_TO_32_BIT_CONVERSION = YES;
				IPHONEOS_DEPLOYMENT_TARGET = 4.2;
				MACOSX_DEPLOYMENT_TARGET = 10.7;
				ONLY_ACTIVE_ARCH = YES;
				OTHER_CFLAGS = "";
				OTHER_LDFLAGS = "";
				PATH = "/usr/local/ocaml/main/bin:/usr/local/bin:$PATH";
				PRODUCT_NAME = "$(TARGET_NAME)";
				SDKROOT = iphoneos;
			};
			name = Debug;
		};
		51173A5F14EE6E5C000772E1 /* Release */ = {
			isa = XCBuildConfiguration;
			buildSettings = {
				ARCHS = armv7;
				DEBUG_INFORMATION_FORMAT = "dwarf-with-dsym";
				GCC_DYNAMIC_NO_PIC = NO;
				GCC_ENABLE_OBJC_EXCEPTIONS = YES;
				GCC_WARN_64_TO_32_BIT_CONVERSION = YES;
				IPHONEOS_DEPLOYMENT_TARGET = 4.2;
				MACOSX_DEPLOYMENT_TARGET = 10.7;
				OTHER_CFLAGS = "";
				OTHER_LDFLAGS = "";
				PATH = "/usr/local/ocaml/main/bin:/usr/local/bin:$PATH";
				PRODUCT_NAME = "$(TARGET_NAME)";
				SDKROOT = iphoneos;
			};
			name = Release;
		};
		51DC6E2314EE5E960084EB76 /* Debug */ = {
			isa = XCBuildConfiguration;
			buildSettings = {
				ALWAYS_SEARCH_USER_PATHS = NO;
				ARCHS = "$(ARCHS_STANDARD_32_BIT)";
				"CODE_SIGN_IDENTITY[sdk=iphoneos*]" = "iPhone Developer";
				COPY_PHASE_STRIP = NO;
				GCC_C_LANGUAGE_STANDARD = gnu99;
				GCC_DYNAMIC_NO_PIC = NO;
				GCC_OPTIMIZATION_LEVEL = 0;
				GCC_PREPROCESSOR_DEFINITIONS = (
					"DEBUG=1",
					"$(inherited)",
				);
				GCC_SYMBOLS_PRIVATE_EXTERN = NO;
				GCC_VERSION = com.apple.compilers.llvm.clang.1_0;
				GCC_WARN_ABOUT_MISSING_PROTOTYPES = YES;
				GCC_WARN_ABOUT_RETURN_TYPE = YES;
				GCC_WARN_UNUSED_VARIABLE = YES;
				IPHONEOS_DEPLOYMENT_TARGET = 5.0;
				SDKROOT = iphoneos;
				TARGETED_DEVICE_FAMILY = "1,2";
			};
			name = Debug;
		};
		51DC6E2414EE5E960084EB76 /* Release */ = {
			isa = XCBuildConfiguration;
			buildSettings = {
				ALWAYS_SEARCH_USER_PATHS = NO;
				ARCHS = "$(ARCHS_STANDARD_32_BIT)";
				"CODE_SIGN_IDENTITY[sdk=iphoneos*]" = "iPhone Developer";
				COPY_PHASE_STRIP = YES;
				GCC_C_LANGUAGE_STANDARD = gnu99;
				GCC_VERSION = com.apple.compilers.llvm.clang.1_0;
				GCC_WARN_ABOUT_MISSING_PROTOTYPES = YES;
				GCC_WARN_ABOUT_RETURN_TYPE = YES;
				GCC_WARN_UNUSED_VARIABLE = YES;
				IPHONEOS_DEPLOYMENT_TARGET = 5.0;
				OTHER_CFLAGS = "-DNS_BLOCK_ASSERTIONS=1";
				SDKROOT = iphoneos;
				TARGETED_DEVICE_FAMILY = "1,2";
				VALIDATE_PRODUCT = YES;
			};
			name = Release;
		};
		51DC6E2614EE5E960084EB76 /* Debug */ = {
			isa = XCBuildConfiguration;
			buildSettings = {
				GCC_PRECOMPILE_PREFIX_HEADER = YES;
				GCC_PREFIX_HEADER = "LightTest/LightTest-Prefix.pch";
				GCC_VERSION = com.apple.compilers.llvmgcc42;
				INFOPLIST_FILE = "LightTest/LightTest-Info.plist";
				IPHONEOS_DEPLOYMENT_TARGET = 4.3;
				LD_NO_PIE = YES;
				PRODUCT_NAME = "$(TARGET_NAME)";
				WRAPPER_EXTENSION = app;
			};
			name = Debug;
		};
		51DC6E2714EE5E960084EB76 /* Release */ = {
			isa = XCBuildConfiguration;
			buildSettings = {
				GCC_PRECOMPILE_PREFIX_HEADER = YES;
				GCC_PREFIX_HEADER = "LightTest/LightTest-Prefix.pch";
				GCC_VERSION = com.apple.compilers.llvmgcc42;
				INFOPLIST_FILE = "LightTest/LightTest-Info.plist";
				IPHONEOS_DEPLOYMENT_TARGET = 4.3;
				LD_NO_PIE = YES;
				PRODUCT_NAME = "$(TARGET_NAME)";
				WRAPPER_EXTENSION = app;
			};
			name = Release;
		};
/* End XCBuildConfiguration section */

/* Begin XCConfigurationList section */
		51173A5D14EE6E5C000772E1 /* Build configuration list for PBXLegacyTarget "test.native" */ = {
			isa = XCConfigurationList;
			buildConfigurations = (
				51173A5E14EE6E5C000772E1 /* Debug */,
				51173A5F14EE6E5C000772E1 /* Release */,
			);
			defaultConfigurationIsVisible = 0;
			defaultConfigurationName = Release;
		};
		51DC6DFE14EE5E960084EB76 /* Build configuration list for PBXProject "LightTest" */ = {
			isa = XCConfigurationList;
			buildConfigurations = (
				51DC6E2314EE5E960084EB76 /* Debug */,
				51DC6E2414EE5E960084EB76 /* Release */,
			);
			defaultConfigurationIsVisible = 0;
			defaultConfigurationName = Release;
		};
		51DC6E2514EE5E960084EB76 /* Build configuration list for PBXNativeTarget "LightTest" */ = {
			isa = XCConfigurationList;
			buildConfigurations = (
				51DC6E2614EE5E960084EB76 /* Debug */,
				51DC6E2714EE5E960084EB76 /* Release */,
			);
			defaultConfigurationIsVisible = 0;
			defaultConfigurationName = Release;
		};
/* End XCConfigurationList section */
	};
	rootObject = 51DC6DFB14EE5E960084EB76 /* Project object */;
}
